// !$*UTF8*$!
{
	archiveVersion = 1;
	classes = {
	};
	objectVersion = 46;
	objects = {

/* Begin PBXBuildFile section */
		348563411C4761F000D91BD1 /* AppDelegate.swift in Sources */ = {isa = PBXBuildFile; fileRef = 348563401C4761F000D91BD1 /* AppDelegate.swift */; };
		348563431C4761F000D91BD1 /* ViewController.swift in Sources */ = {isa = PBXBuildFile; fileRef = 348563421C4761F000D91BD1 /* ViewController.swift */; };
		348563481C4761F000D91BD1 /* Assets.xcassets in Resources */ = {isa = PBXBuildFile; fileRef = 348563471C4761F000D91BD1 /* Assets.xcassets */; };
		3485634B1C4761F000D91BD1 /* LaunchScreen.storyboard in Resources */ = {isa = PBXBuildFile; fileRef = 348563491C4761F000D91BD1 /* LaunchScreen.storyboard */; };
/* End PBXBuildFile section */

/* Begin PBXFileReference section */
		3485633D1C4761F000D91BD1 /* UserListValueTypes.app */ = {isa = PBXFileReference; explicitFileType = wrapper.application; includeInIndex = 0; path = UserListValueTypes.app; sourceTree = BUILT_PRODUCTS_DIR; };
		348563401C4761F000D91BD1 /* AppDelegate.swift */ = {isa = PBXFileReference; lastKnownFileType = sourcecode.swift; path = AppDelegate.swift; sourceTree = "<group>"; };
		348563421C4761F000D91BD1 /* ViewController.swift */ = {isa = PBXFileReference; lastKnownFileType = sourcecode.swift; path = ViewController.swift; sourceTree = "<group>"; };
		348563471C4761F000D91BD1 /* Assets.xcassets */ = {isa = PBXFileReference; lastKnownFileType = folder.assetcatalog; path = Assets.xcassets; sourceTree = "<group>"; };
		3485634A1C4761F000D91BD1 /* Base */ = {isa = PBXFileReference; lastKnownFileType = file.storyboard; name = Base; path = Base.lproj/LaunchScreen.storyboard; sourceTree = "<group>"; };
		3485634C1C4761F000D91BD1 /* Info.plist */ = {isa = PBXFileReference; lastKnownFileType = text.plist.xml; path = Info.plist; sourceTree = "<group>"; };
/* End PBXFileReference section */

/* Begin PBXFrameworksBuildPhase section */
		3485633A1C4761F000D91BD1 /* Frameworks */ = {
			isa = PBXFrameworksBuildPhase;
			buildActionMask = 2147483647;
			files = (
			);
			runOnlyForDeploymentPostprocessing = 0;
		};
/* End PBXFrameworksBuildPhase section */

/* Begin PBXGroup section */
		348563341C4761F000D91BD1 = {
			isa = PBXGroup;
			children = (
				3485633F1C4761F000D91BD1 /* UserListValueTypes */,
				3485633E1C4761F000D91BD1 /* Products */,
			);
			sourceTree = "<group>";
		};
		3485633E1C4761F000D91BD1 /* Products */ = {
			isa = PBXGroup;
			children = (
				3485633D1C4761F000D91BD1 /* UserListValueTypes.app */,
			);
			name = Products;
			sourceTree = "<group>";
		};
		3485633F1C4761F000D91BD1 /* UserListValueTypes */ = {
			isa = PBXGroup;
			children = (
				348563401C4761F000D91BD1 /* AppDelegate.swift */,
				348563421C4761F000D91BD1 /* ViewController.swift */,
				348563471C4761F000D91BD1 /* Assets.xcassets */,
				348563491C4761F000D91BD1 /* LaunchScreen.storyboard */,
				3485634C1C4761F000D91BD1 /* Info.plist */,
			);
			path = UserListValueTypes;
			sourceTree = "<group>";
		};
/* End PBXGroup section */

/* Begin PBXNativeTarget section */
		3485633C1C4761F000D91BD1 /* UserListValueTypes */ = {
			isa = PBXNativeTarget;
			buildConfigurationList = 3485634F1C4761F000D91BD1 /* Build configuration list for PBXNativeTarget "UserListValueTypes" */;
			buildPhases = (
				348563391C4761F000D91BD1 /* Sources */,
				3485633A1C4761F000D91BD1 /* Frameworks */,
				3485633B1C4761F000D91BD1 /* Resources */,
			);
			buildRules = (
			);
			dependencies = (
			);
			name = UserListValueTypes;
			productName = UserListValueTypes;
			productReference = 3485633D1C4761F000D91BD1 /* UserListValueTypes.app */;
			productType = "com.apple.product-type.application";
		};
/* End PBXNativeTarget section */

/* Begin PBXProject section */
		348563351C4761F000D91BD1 /* Project object */ = {
			isa = PBXProject;
			attributes = {
				LastSwiftUpdateCheck = 0720;
				LastUpgradeCheck = 0720;
				ORGANIZATIONNAME = twocentstudios;
				TargetAttributes = {
					3485633C1C4761F000D91BD1 = {
						CreatedOnToolsVersion = 7.2;
					};
				};
			};
			buildConfigurationList = 348563381C4761F000D91BD1 /* Build configuration list for PBXProject "UserListValueTypes" */;
			compatibilityVersion = "Xcode 3.2";
			developmentRegion = English;
			hasScannedForEncodings = 0;
			knownRegions = (
				en,
				Base,
			);
			mainGroup = 348563341C4761F000D91BD1;
			productRefGroup = 3485633E1C4761F000D91BD1 /* Products */;
			projectDirPath = "";
			projectRoot = "";
			targets = (
				3485633C1C4761F000D91BD1 /* UserListValueTypes */,
			);
		};
/* End PBXProject section */

/* Begin PBXResourcesBuildPhase section */
		3485633B1C4761F000D91BD1 /* Resources */ = {
			isa = PBXResourcesBuildPhase;
			buildActionMask = 2147483647;
			files = (
				3485634B1C4761F000D91BD1 /* LaunchScreen.storyboard in Resources */,
				348563481C4761F000D91BD1 /* Assets.xcassets in Resources */,
			);
			runOnlyForDeploymentPostprocessing = 0;
		};
/* End PBXResourcesBuildPhase section */

/* Begin PBXSourcesBuildPhase section */
		348563391C4761F000D91BD1 /* Sources */ = {
			isa = PBXSourcesBuildPhase;
			buildActionMask = 2147483647;
			files = (
				348563431C4761F000D91BD1 /* ViewController.swift in Sources */,
				348563411C4761F000D91BD1 /* AppDelegate.swift in Sources */,
			);
			runOnlyForDeploymentPostprocessing = 0;
		};
/* End PBXSourcesBuildPhase section */

/* Begin PBXVariantGroup section */
		348563491C4761F000D91BD1 /* LaunchScreen.storyboard */ = {
			isa = PBXVariantGroup;
			children = (
				3485634A1C4761F000D91BD1 /* Base */,
			);
			name = LaunchScreen.storyboard;
			sourceTree = "<group>";
		};
/* End PBXVariantGroup section */

/* Begin XCBuildConfiguration section */
		3485634D1C4761F000D91BD1 /* Debug */ = {
			isa = XCBuildConfiguration;
			buildSettings = {
				ALWAYS_SEARCH_USER_PATHS = NO;
				CLANG_CXX_LANGUAGE_STANDARD = "gnu++0x";
				CLANG_CXX_LIBRARY = "libc++";
				CLANG_ENABLE_MODULES = YES;
				CLANG_ENABLE_OBJC_ARC = YES;
				CLANG_WARN_BOOL_CONVERSION = YES;
				CLANG_WARN_CONSTANT_CONVERSION = YES;
				CLANG_WARN_DIRECT_OBJC_ISA_USAGE = YES_ERROR;
				CLANG_WARN_EMPTY_BODY = YES;
				CLANG_WARN_ENUM_CONVERSION = YES;
				CLANG_WARN_INT_CONVERSION = YES;
				CLANG_WARN_OBJC_ROOT_CLASS = YES_ERROR;
				CLANG_WARN_UNREACHABLE_CODE = YES;
				CLANG_WARN__DUPLICATE_METHOD_MATCH = YES;
				"CODE_SIGN_IDENTITY[sdk=iphoneos*]" = "iPhone Developer";
				COPY_PHASE_STRIP = NO;
				DEBUG_INFORMATION_FORMAT = dwarf;
				ENABLE_STRICT_OBJC_MSGSEND = YES;
				ENABLE_TESTABILITY = YES;
				GCC_C_LANGUAGE_STANDARD = gnu99;
				GCC_DYNAMIC_NO_PIC = NO;
				GCC_NO_COMMON_BLOCKS = YES;
				GCC_OPTIMIZATION_LEVEL = 0;
				GCC_PREPROCESSOR_DEFINITIONS = (
					"DEBUG=1",
					"$(inherited)",
				);
				GCC_WARN_64_TO_32_BIT_CONVERSION = YES;
				GCC_WARN_ABOUT_RETURN_TYPE = YES_ERROR;
				GCC_WARN_UNDECLARED_SELECTOR = YES;
				GCC_WARN_UNINITIALIZED_AUTOS = YES_AGGRESSIVE;
				GCC_WARN_UNUSED_FUNCTION = YES;
				GCC_WARN_UNUSED_VARIABLE = YES;
				IPHONEOS_DEPLOYMENT_TARGET = 9.2;
				MTL_ENABLE_DEBUG_INFO = YES;
				ONLY_ACTIVE_ARCH = YES;
				SDKROOT = iphoneos;
				SWIFT_OPTIMIZATION_LEVEL = "-Onone";
				TARGETED_DEVICE_FAMILY = "1,2";
			};
			name = Debug;
		};
		3485634E1C4761F000D91BD1 /* Release */ = {
			isa = XCBuildConfiguration;
			buildSettings = {
				ALWAYS_SEARCH_USER_PATHS = NO;
				CLANG_CXX_LANGUAGE_STANDARD = "gnu++0x";
				CLANG_CXX_LIBRARY = "libc++";
				CLANG_ENABLE_MODULES = YES;
				CLANG_ENABLE_OBJC_ARC = YES;
				CLANG_WARN_BOOL_CONVERSION = YES;
				CLANG_WARN_CONSTANT_CONVERSION = YES;
				CLANG_WARN_DIRECT_OBJC_ISA_USAGE = YES_ERROR;
				CLANG_WARN_EMPTY_BODY = YES;
				CLANG_WARN_ENUM_CONVERSION = YES;
				CLANG_WARN_INT_CONVERSION = YES;
				CLANG_WARN_OBJC_ROOT_CLASS = YES_ERROR;
				CLANG_WARN_UNREACHABLE_CODE = YES;
				CLANG_WARN__DUPLICATE_METHOD_MATCH = YES;
				"CODE_SIGN_IDENTITY[sdk=iphoneos*]" = "iPhone Developer";
				COPY_PHASE_STRIP = NO;
				DEBUG_INFORMATION_FORMAT = "dwarf-with-dsym";
				ENABLE_NS_ASSERTIONS = NO;
				ENABLE_STRICT_OBJC_MSGSEND = YES;
				GCC_C_LANGUAGE_STANDARD = gnu99;
				GCC_NO_COMMON_BLOCKS = YES;
				GCC_WARN_64_TO_32_BIT_CONVERSION = YES;
				GCC_WARN_ABOUT_RETURN_TYPE = YES_ERROR;
				GCC_WARN_UNDECLARED_SELECTOR = YES;
				GCC_WARN_UNINITIALIZED_AUTOS = YES_AGGRESSIVE;
				GCC_WARN_UNUSED_FUNCTION = YES;
				GCC_WARN_UNUSED_VARIABLE = YES;
				IPHONEOS_DEPLOYMENT_TARGET = 9.2;
				MTL_ENABLE_DEBUG_INFO = NO;
				SDKROOT = iphoneos;
				TARGETED_DEVICE_FAMILY = "1,2";
				VALIDATE_PRODUCT = YES;
			};
			name = Release;
		};
		348563501C4761F000D91BD1 /* Debug */ = {
			isa = XCBuildConfiguration;
			buildSettings = {
				ASSETCATALOG_COMPILER_APPICON_NAME = AppIcon;
				INFOPLIST_FILE = UserListValueTypes/Info.plist;
				LD_RUNPATH_SEARCH_PATHS = "$(inherited) @executable_path/Frameworks";
				PRODUCT_BUNDLE_IDENTIFIER = com.twocentstudios.UserListValueTypes;
				PRODUCT_NAME = "$(TARGET_NAME)";
			};
			name = Debug;
		};
		348563511C4761F000D91BD1 /* Release */ = {
			isa = XCBuildConfiguration;
			buildSettings = {
				ASSETCATALOG_COMPILER_APPICON_NAME = AppIcon;
				INFOPLIST_FILE = UserListValueTypes/Info.plist;
				LD_RUNPATH_SEARCH_PATHS = "$(inherited) @executable_path/Frameworks";
				PRODUCT_BUNDLE_IDENTIFIER = com.twocentstudios.UserListValueTypes;
				PRODUCT_NAME = "$(TARGET_NAME)";
			};
			name = Release;
		};
/* End XCBuildConfiguration section */

/* Begin XCConfigurationList section */
		348563381C4761F000D91BD1 /* Build configuration list for PBXProject "UserListValueTypes" */ = {
			isa = XCConfigurationList;
			buildConfigurations = (
				3485634D1C4761F000D91BD1 /* Debug */,
				3485634E1C4761F000D91BD1 /* Release */,
			);
			defaultConfigurationIsVisible = 0;
			defaultConfigurationName = Release;
		};
		3485634F1C4761F000D91BD1 /* Build configuration list for PBXNativeTarget "UserListValueTypes" */ = {
			isa = XCConfigurationList;
			buildConfigurations = (
				348563501C4761F000D91BD1 /* Debug */,
				348563511C4761F000D91BD1 /* Release */,
			);
			defaultConfigurationIsVisible = 0;
		};
/* End XCConfigurationList section */
	};
	rootObject = 348563351C4761F000D91BD1 /* Project object */;
}
